
Microsoft Visual Studio Solution File, Format Version 12.00
# Visual Studio Version 17
VisualStudioVersion = 17.3.32929.385
MinimumVisualStudioVersion = 10.0.40219.1
Project("{FAE04EC0-301F-11D3-BF4B-00C04F79EFBC}") = "RecipeBot", "RecipeBot\RecipeBot.csproj", "{3A892693-0D24-404D-8B4C-0B4A1AD56D46}"
EndProject
Global
	GlobalSection(SolutionConfigurationPlatforms) = preSolution
		Debug|Any CPU = Debug|Any CPU
		Release|Any CPU = Release|Any CPU
	EndGlobalSection
	GlobalSection(ProjectConfigurationPlatforms) = postSolution
		{3A892693-0D24-404D-8B4C-0B4A1AD56D46}.Debug|Any CPU.ActiveCfg = Debug|Any CPU
		{3A892693-0D24-404D-8B4C-0B4A1AD56D46}.Debug|Any CPU.Build.0 = Debug|Any CPU
		{3A892693-0D24-404D-8B4C-0B4A1AD56D46}.Release|Any CPU.ActiveCfg = Release|Any CPU
		{3A892693-0D24-404D-8B4C-0B4A1AD56D46}.Release|Any CPU.Build.0 = Release|Any CPU
	EndGlobalSection
	GlobalSection(SolutionProperties) = preSolution
		HideSolutionNode = FALSE
	EndGlobalSection
	GlobalSection(ExtensibilityGlobals) = postSolution
		SolutionGuid = {949FB865-F841-46A8-BCD0-F898D0F14CB5}
	EndGlobalSection
EndGlobal
